
Microsoft Visual Studio Solution File, Format Version 12.00
# Visual Studio Version 17
VisualStudioVersion = 17.6.33723.286
MinimumVisualStudioVersion = 10.0.40219.1
Project("{9A19103F-16F7-4668-BE54-9A1E7A4F7556}") = "Observability", "src\Observability\Observability.csproj", "{5D06D33D-ADC8-4333-B960-77FC976780EB}"
EndProject
Project("{9A19103F-16F7-4668-BE54-9A1E7A4F7556}") = "ReverseProxy", "src\ReverseProxy\ReverseProxy.csproj", "{1D01936F-7379-4956-B0E5-80B0B834360D}"
EndProject
Project("{2150E333-8FDC-42A3-9474-1A3956D46DE8}") = "Gateway", "Gateway", "{F6CE8BCB-A23A-43CB-8726-7ADBC37040BC}"
EndProject
Project("{2150E333-8FDC-42A3-9474-1A3956D46DE8}") = "Common", "Common", "{87B87931-D0C8-4C2F-ACC6-0638AF1C4F22}"
EndProject
Project("{2150E333-8FDC-42A3-9474-1A3956D46DE8}") = "Web", "Web", "{66ECCA42-2F72-4AAB-ADA9-F950F3AD4FC3}"
EndProject
Project("{9A19103F-16F7-4668-BE54-9A1E7A4F7556}") = "QuestionsApp.Web", "src\QuestionsApp.Web\QuestionsApp.Web.csproj", "{AA108AEB-BCDB-49E5-88E6-A3699C06C3F9}"
EndProject
Project("{9A19103F-16F7-4668-BE54-9A1E7A4F7556}") = "QuestionsApp.Tests", "src\QuestionsApp.Tests\QuestionsApp.Tests.csproj", "{CDABFAC2-CEAA-4DF0-A961-DCB25D9D9070}"
EndProject
Project("{9A19103F-16F7-4668-BE54-9A1E7A4F7556}") = "_build", "build\_build.csproj", "{89E7E5BE-F1B5-467B-877B-CBF5B6A859DA}"
EndProject
Project("{2150E333-8FDC-42A3-9474-1A3956D46DE8}") = "CI_CD", "CI_CD", "{8C564039-F8CC-4A48-B650-B17B9AF15C88}"
EndProject
Global
	GlobalSection(SolutionConfigurationPlatforms) = preSolution
		Debug|Any CPU = Debug|Any CPU
		Release|Any CPU = Release|Any CPU
	EndGlobalSection
	GlobalSection(ProjectConfigurationPlatforms) = postSolution
		{5D06D33D-ADC8-4333-B960-77FC976780EB}.Debug|Any CPU.ActiveCfg = Debug|Any CPU
		{5D06D33D-ADC8-4333-B960-77FC976780EB}.Debug|Any CPU.Build.0 = Debug|Any CPU
		{5D06D33D-ADC8-4333-B960-77FC976780EB}.Release|Any CPU.ActiveCfg = Release|Any CPU
		{5D06D33D-ADC8-4333-B960-77FC976780EB}.Release|Any CPU.Build.0 = Release|Any CPU
		{1D01936F-7379-4956-B0E5-80B0B834360D}.Debug|Any CPU.ActiveCfg = Debug|Any CPU
		{1D01936F-7379-4956-B0E5-80B0B834360D}.Debug|Any CPU.Build.0 = Debug|Any CPU
		{1D01936F-7379-4956-B0E5-80B0B834360D}.Release|Any CPU.ActiveCfg = Release|Any CPU
		{1D01936F-7379-4956-B0E5-80B0B834360D}.Release|Any CPU.Build.0 = Release|Any CPU
		{AA108AEB-BCDB-49E5-88E6-A3699C06C3F9}.Debug|Any CPU.ActiveCfg = Debug|Any CPU
		{AA108AEB-BCDB-49E5-88E6-A3699C06C3F9}.Debug|Any CPU.Build.0 = Debug|Any CPU
		{AA108AEB-BCDB-49E5-88E6-A3699C06C3F9}.Release|Any CPU.ActiveCfg = Release|Any CPU
		{AA108AEB-BCDB-49E5-88E6-A3699C06C3F9}.Release|Any CPU.Build.0 = Release|Any CPU
		{CDABFAC2-CEAA-4DF0-A961-DCB25D9D9070}.Debug|Any CPU.ActiveCfg = Debug|Any CPU
		{CDABFAC2-CEAA-4DF0-A961-DCB25D9D9070}.Debug|Any CPU.Build.0 = Debug|Any CPU
		{CDABFAC2-CEAA-4DF0-A961-DCB25D9D9070}.Release|Any CPU.ActiveCfg = Release|Any CPU
		{CDABFAC2-CEAA-4DF0-A961-DCB25D9D9070}.Release|Any CPU.Build.0 = Release|Any CPU
		{89E7E5BE-F1B5-467B-877B-CBF5B6A859DA}.Debug|Any CPU.ActiveCfg = Debug|Any CPU
		{89E7E5BE-F1B5-467B-877B-CBF5B6A859DA}.Release|Any CPU.ActiveCfg = Release|Any CPU
	EndGlobalSection
	GlobalSection(SolutionProperties) = preSolution
		HideSolutionNode = FALSE
	EndGlobalSection
	GlobalSection(NestedProjects) = preSolution
		{5D06D33D-ADC8-4333-B960-77FC976780EB} = {87B87931-D0C8-4C2F-ACC6-0638AF1C4F22}
		{1D01936F-7379-4956-B0E5-80B0B834360D} = {F6CE8BCB-A23A-43CB-8726-7ADBC37040BC}
		{AA108AEB-BCDB-49E5-88E6-A3699C06C3F9} = {66ECCA42-2F72-4AAB-ADA9-F950F3AD4FC3}
		{CDABFAC2-CEAA-4DF0-A961-DCB25D9D9070} = {66ECCA42-2F72-4AAB-ADA9-F950F3AD4FC3}
		{89E7E5BE-F1B5-467B-877B-CBF5B6A859DA} = {8C564039-F8CC-4A48-B650-B17B9AF15C88}
	EndGlobalSection
	GlobalSection(ExtensibilityGlobals) = postSolution
		SolutionGuid = {497B1E25-99A2-466F-8E16-107467AAFFDF}
	EndGlobalSection
EndGlobal
